
Microsoft Visual Studio Solution File, Format Version 12.00
# Visual Studio Version 17
VisualStudioVersion = 17.4.33213.308
MinimumVisualStudioVersion = 10.0.40219.1
Project("{FAE04EC0-301F-11D3-BF4B-00C04F79EFBC}") = "DemoWebApp", "DemoWebApp\DemoWebApp.csproj", "{3B0D2ED0-0A9D-4C27-B953-CE0D02729430}"
EndProject
Global
	GlobalSection(SolutionConfigurationPlatforms) = preSolution
		Debug|Any CPU = Debug|Any CPU
		Release|Any CPU = Release|Any CPU
	EndGlobalSection
	GlobalSection(ProjectConfigurationPlatforms) = postSolution
		{3B0D2ED0-0A9D-4C27-B953-CE0D02729430}.Debug|Any CPU.ActiveCfg = Debug|Any CPU
		{3B0D2ED0-0A9D-4C27-B953-CE0D02729430}.Debug|Any CPU.Build.0 = Debug|Any CPU
		{3B0D2ED0-0A9D-4C27-B953-CE0D02729430}.Release|Any CPU.ActiveCfg = Release|Any CPU
		{3B0D2ED0-0A9D-4C27-B953-CE0D02729430}.Release|Any CPU.Build.0 = Release|Any CPU
	EndGlobalSection
	GlobalSection(SolutionProperties) = preSolution
		HideSolutionNode = FALSE
	EndGlobalSection
	GlobalSection(ExtensibilityGlobals) = postSolution
		SolutionGuid = {4C03C593-2D72-433B-91EA-EE3BBBF8D96B}
	EndGlobalSection
EndGlobal
