
Microsoft Visual Studio Solution File, Format Version 12.00
# Visual Studio Version 17
VisualStudioVersion = 17.4.33213.308
MinimumVisualStudioVersion = 10.0.40219.1
Project("{FAE04EC0-301F-11D3-BF4B-00C04F79EFBC}") = "CodeFirst", "CodeFirst\CodeFirst.csproj", "{47848B06-04E3-461C-A119-5FC5C3F29E83}"
EndProject
Global
	GlobalSection(SolutionConfigurationPlatforms) = preSolution
		Debug|Any CPU = Debug|Any CPU
		Release|Any CPU = Release|Any CPU
	EndGlobalSection
	GlobalSection(ProjectConfigurationPlatforms) = postSolution
		{47848B06-04E3-461C-A119-5FC5C3F29E83}.Debug|Any CPU.ActiveCfg = Debug|Any CPU
		{47848B06-04E3-461C-A119-5FC5C3F29E83}.Debug|Any CPU.Build.0 = Debug|Any CPU
		{47848B06-04E3-461C-A119-5FC5C3F29E83}.Release|Any CPU.ActiveCfg = Release|Any CPU
		{47848B06-04E3-461C-A119-5FC5C3F29E83}.Release|Any CPU.Build.0 = Release|Any CPU
	EndGlobalSection
	GlobalSection(SolutionProperties) = preSolution
		HideSolutionNode = FALSE
	EndGlobalSection
	GlobalSection(ExtensibilityGlobals) = postSolution
		SolutionGuid = {AECF1713-D088-4034-A304-D7786CB38821}
	EndGlobalSection
EndGlobal
