
Microsoft Visual Studio Solution File, Format Version 12.00
# Visual Studio Version 17
VisualStudioVersion = 17.4.33213.308
MinimumVisualStudioVersion = 10.0.40219.1
Project("{FAE04EC0-301F-11D3-BF4B-00C04F79EFBC}") = "Day-2", "Day-2\Day-2.csproj", "{047A39A8-DC23-4963-AB2F-A1DFC79B348A}"
EndProject
Global
	GlobalSection(SolutionConfigurationPlatforms) = preSolution
		Debug|Any CPU = Debug|Any CPU
		Release|Any CPU = Release|Any CPU
	EndGlobalSection
	GlobalSection(ProjectConfigurationPlatforms) = postSolution
		{047A39A8-DC23-4963-AB2F-A1DFC79B348A}.Debug|Any CPU.ActiveCfg = Debug|Any CPU
		{047A39A8-DC23-4963-AB2F-A1DFC79B348A}.Debug|Any CPU.Build.0 = Debug|Any CPU
		{047A39A8-DC23-4963-AB2F-A1DFC79B348A}.Release|Any CPU.ActiveCfg = Release|Any CPU
		{047A39A8-DC23-4963-AB2F-A1DFC79B348A}.Release|Any CPU.Build.0 = Release|Any CPU
	EndGlobalSection
	GlobalSection(SolutionProperties) = preSolution
		HideSolutionNode = FALSE
	EndGlobalSection
	GlobalSection(ExtensibilityGlobals) = postSolution
		SolutionGuid = {E681B24A-024D-462D-922E-5E6D00E7E1F4}
	EndGlobalSection
EndGlobal
